<?xml version="1.0" encoding="utf-8"?>
<Project ToolsVersion="4.0" xmlns="http://schemas.microsoft.com/developer/msbuild/2003">
  <ItemGroup>
    <Filter Include="소스 파일">
      <UniqueIdentifier>{4FC737F1-C7A5-4376-A066-2A32D752A2FF}</UniqueIdentifier>
      <Extensions>cpp;c;cc;cxx;c++;cppm;ixx;def;odl;idl;hpj;bat;asm;asmx</Extensions>
    </Filter>
    <Filter Include="헤더 파일">
      <UniqueIdentifier>{93995380-89BD-4b04-88EB-625FBE52EBFB}</UniqueIdentifier>
      <Extensions>h;hh;hpp;hxx;h++;hm;inl;inc;ipp;xsd</Extensions>
    </Filter>
    <Filter Include="리소스 파일">
      <UniqueIdentifier>{67DA6AB6-F800-4c08-8B7A-83BB121AAD01}</UniqueIdentifier>
      <Extensions>rc;ico;cur;bmp;dlg;rc2;rct;bin;rgs;gif;jpg;jpeg;jpe;resx;tiff;tif;png;wav;mfcribbon-ms</Extensions>
    </Filter>
  </ItemGroup>
  <ItemGroup>
    <ClCompile Include="지니씨가 풀어준 소수출력 프로그램.c">
      <Filter>소스 파일</Filter>
    </ClCompile>
    <ClCompile Include="구구단 코드.c">
      <Filter>소스 파일</Filter>
    </ClCompile>
    <ClCompile Include="bmi 계산 코드.c">
      <Filter>소스 파일</Filter>
    </ClCompile>
    <ClCompile Include="10진수를 2진수로 출력.c">
      <Filter>소스 파일</Filter>
    </ClCompile>
    <ClCompile Include="숫자로 달을 입력하면 영어단어로 보여주는 코드.c">
      <Filter>소스 파일</Filter>
    </ClCompile>
    <ClCompile Include="별을 하나부터 한줄에 하나씩 증가시키는 코드.c">
      <Filter>소스 파일</Filter>
    </ClCompile>
    <ClCompile Include="x모양으로 별을 그린 코드.c">
      <Filter>소스 파일</Filter>
    </ClCompile>
    <ClCompile Include="master code 랜덤숫자뽑기.c">
      <Filter>소스 파일</Filter>
    </ClCompile>
    <ClCompile Include="두실수의 평균 함수.c">
      <Filter>소스 파일</Filter>
    </ClCompile>
    <ClCompile Include="매개변수,반환형 존재하는 단위변환 함수.c">
      <Filter>소스 파일</Filter>
    </ClCompile>
    <ClCompile Include="입력-매개변수,출력-반환값.c">
      <Filter>소스 파일</Filter>
    </ClCompile>
    <ClCompile Include="1부터 정해진 정수의 모든 값 더하기.c">
      <Filter>소스 파일</Filter>
    </ClCompile>
    <ClCompile Include="교재 201p 재귀함수의 호출횟수 조절 코드.c">
      <Filter>소스 파일</Filter>
    </ClCompile>
  </ItemGroup>
  <ItemGroup>
    <ClInclude Include="student.h">
      <Filter>헤더 파일</Filter>
    </ClInclude>
  </ItemGroup>
</Project>